// !$*UTF8*$!
{
	archiveVersion = 1;
	classes = {
	};
	objectVersion = 56;
	objects = {

/* Begin PBXBuildFile section */
		944090EA2AD713BC00E09B4C /* socialappApp.swift in Sources */ = {isa = PBXBuildFile; fileRef = 944090E92AD713BC00E09B4C /* socialappApp.swift */; };
		944090EC2AD713BC00E09B4C /* ContentView.swift in Sources */ = {isa = PBXBuildFile; fileRef = 944090EB2AD713BC00E09B4C /* ContentView.swift */; };
		944090EE2AD713BD00E09B4C /* Assets.xcassets in Resources */ = {isa = PBXBuildFile; fileRef = 944090ED2AD713BD00E09B4C /* Assets.xcassets */; };
		944090F12AD713BD00E09B4C /* Preview Assets.xcassets in Resources */ = {isa = PBXBuildFile; fileRef = 944090F02AD713BD00E09B4C /* Preview Assets.xcassets */; };
		944091032AD714AE00E09B4C /* LoginView.swift in Sources */ = {isa = PBXBuildFile; fileRef = 944091022AD714AE00E09B4C /* LoginView.swift */; };
		944091052AD7190800E09B4C /* RegistrationView.swift in Sources */ = {isa = PBXBuildFile; fileRef = 944091042AD7190800E09B4C /* RegistrationView.swift */; };
		944091082AD71AA800E09B4C /* TextFieldModifier.swift in Sources */ = {isa = PBXBuildFile; fileRef = 944091072AD71AA800E09B4C /* TextFieldModifier.swift */; };
		9440910B2AD71C9700E09B4C /* TabBarView.swift in Sources */ = {isa = PBXBuildFile; fileRef = 9440910A2AD71C9700E09B4C /* TabBarView.swift */; };
		9440910F2AD73E1800E09B4C /* FeedView.swift in Sources */ = {isa = PBXBuildFile; fileRef = 9440910E2AD73E1800E09B4C /* FeedView.swift */; };
		944091132AD8338600E09B4C /* ExploreView.swift in Sources */ = {isa = PBXBuildFile; fileRef = 944091122AD8338600E09B4C /* ExploreView.swift */; };
		944091172AD8343800E09B4C /* CreateView.swift in Sources */ = {isa = PBXBuildFile; fileRef = 944091162AD8343800E09B4C /* CreateView.swift */; };
		9440911B2AD8348C00E09B4C /* ActivityView.swift in Sources */ = {isa = PBXBuildFile; fileRef = 9440911A2AD8348C00E09B4C /* ActivityView.swift */; };
		9440911F2AD834E200E09B4C /* ProfileView.swift in Sources */ = {isa = PBXBuildFile; fileRef = 9440911E2AD834E200E09B4C /* ProfileView.swift */; };
		944091212AD835EB00E09B4C /* PostComponent.swift in Sources */ = {isa = PBXBuildFile; fileRef = 944091202AD835EB00E09B4C /* PostComponent.swift */; };
/* End PBXBuildFile section */

/* Begin PBXFileReference section */
		944090E62AD713BC00E09B4C /* socialapp.app */ = {isa = PBXFileReference; explicitFileType = wrapper.application; includeInIndex = 0; path = socialapp.app; sourceTree = BUILT_PRODUCTS_DIR; };
		944090E92AD713BC00E09B4C /* socialappApp.swift */ = {isa = PBXFileReference; lastKnownFileType = sourcecode.swift; path = socialappApp.swift; sourceTree = "<group>"; };
		944090EB2AD713BC00E09B4C /* ContentView.swift */ = {isa = PBXFileReference; lastKnownFileType = sourcecode.swift; path = ContentView.swift; sourceTree = "<group>"; };
		944090ED2AD713BD00E09B4C /* Assets.xcassets */ = {isa = PBXFileReference; lastKnownFileType = folder.assetcatalog; path = Assets.xcassets; sourceTree = "<group>"; };
		944090F02AD713BD00E09B4C /* Preview Assets.xcassets */ = {isa = PBXFileReference; lastKnownFileType = folder.assetcatalog; path = "Preview Assets.xcassets"; sourceTree = "<group>"; };
		944091022AD714AE00E09B4C /* LoginView.swift */ = {isa = PBXFileReference; lastKnownFileType = sourcecode.swift; path = LoginView.swift; sourceTree = "<group>"; };
		944091042AD7190800E09B4C /* RegistrationView.swift */ = {isa = PBXFileReference; lastKnownFileType = sourcecode.swift; path = RegistrationView.swift; sourceTree = "<group>"; };
		944091072AD71AA800E09B4C /* TextFieldModifier.swift */ = {isa = PBXFileReference; lastKnownFileType = sourcecode.swift; path = TextFieldModifier.swift; sourceTree = "<group>"; };
		9440910A2AD71C9700E09B4C /* TabBarView.swift */ = {isa = PBXFileReference; lastKnownFileType = sourcecode.swift; path = TabBarView.swift; sourceTree = "<group>"; };
		9440910E2AD73E1800E09B4C /* FeedView.swift */ = {isa = PBXFileReference; lastKnownFileType = sourcecode.swift; path = FeedView.swift; sourceTree = "<group>"; };
		944091122AD8338600E09B4C /* ExploreView.swift */ = {isa = PBXFileReference; lastKnownFileType = sourcecode.swift; path = ExploreView.swift; sourceTree = "<group>"; };
		944091162AD8343800E09B4C /* CreateView.swift */ = {isa = PBXFileReference; lastKnownFileType = sourcecode.swift; path = CreateView.swift; sourceTree = "<group>"; };
		9440911A2AD8348C00E09B4C /* ActivityView.swift */ = {isa = PBXFileReference; lastKnownFileType = sourcecode.swift; path = ActivityView.swift; sourceTree = "<group>"; };
		9440911E2AD834E200E09B4C /* ProfileView.swift */ = {isa = PBXFileReference; lastKnownFileType = sourcecode.swift; path = ProfileView.swift; sourceTree = "<group>"; };
		944091202AD835EB00E09B4C /* PostComponent.swift */ = {isa = PBXFileReference; lastKnownFileType = sourcecode.swift; path = PostComponent.swift; sourceTree = "<group>"; };
/* End PBXFileReference section */

/* Begin PBXFrameworksBuildPhase section */
		944090E32AD713BC00E09B4C /* Frameworks */ = {
			isa = PBXFrameworksBuildPhase;
			buildActionMask = 2147483647;
			files = (
			);
			runOnlyForDeploymentPostprocessing = 0;
		};
/* End PBXFrameworksBuildPhase section */

/* Begin PBXGroup section */
		944090DD2AD713BC00E09B4C = {
			isa = PBXGroup;
			children = (
				944090E82AD713BC00E09B4C /* socialapp */,
				944090E72AD713BC00E09B4C /* Products */,
			);
			sourceTree = "<group>";
		};
		944090E72AD713BC00E09B4C /* Products */ = {
			isa = PBXGroup;
			children = (
				944090E62AD713BC00E09B4C /* socialapp.app */,
			);
			name = Products;
			sourceTree = "<group>";
		};
		944090E82AD713BC00E09B4C /* socialapp */ = {
			isa = PBXGroup;
			children = (
				944090FE2AD7140500E09B4C /* App */,
				944090FD2AD713FE00E09B4C /* Core */,
				944090FC2AD713FB00E09B4C /* Extensions */,
				944090FB2AD713F700E09B4C /* Model */,
				944090F92AD713E900E09B4C /* Services */,
				944090F72AD713DA00E09B4C /* Utils */,
				944090ED2AD713BD00E09B4C /* Assets.xcassets */,
				944090EF2AD713BD00E09B4C /* Preview Content */,
			);
			path = socialapp;
			sourceTree = "<group>";
		};
		944090EF2AD713BD00E09B4C /* Preview Content */ = {
			isa = PBXGroup;
			children = (
				944090F02AD713BD00E09B4C /* Preview Assets.xcassets */,
			);
			path = "Preview Content";
			sourceTree = "<group>";
		};
		944090F72AD713DA00E09B4C /* Utils */ = {
			isa = PBXGroup;
			children = (
				944091062AD71A8C00E09B4C /* ViewModifiers */,
			);
			path = Utils;
			sourceTree = "<group>";
		};
		944090F92AD713E900E09B4C /* Services */ = {
			isa = PBXGroup;
			children = (
			);
			path = Services;
			sourceTree = "<group>";
		};
		944090FB2AD713F700E09B4C /* Model */ = {
			isa = PBXGroup;
			children = (
			);
			path = Model;
			sourceTree = "<group>";
		};
		944090FC2AD713FB00E09B4C /* Extensions */ = {
			isa = PBXGroup;
			children = (
			);
			path = Extensions;
			sourceTree = "<group>";
		};
		944090FD2AD713FE00E09B4C /* Core */ = {
			isa = PBXGroup;
			children = (
				944091182AD8347900E09B4C /* Activity */,
				944090FF2AD7146400E09B4C /* Authentication */,
				944091142AD8341400E09B4C /* Create */,
				944091102AD8336500E09B4C /* Explore */,
				9440910C2AD73DF000E09B4C /* Feed */,
				9440911C2AD834CB00E09B4C /* Profile */,
				944091002AD7146E00E09B4C /* Root */,
				944091092AD71C5200E09B4C /* TabBar */,
			);
			path = Core;
			sourceTree = "<group>";
		};
		944090FE2AD7140500E09B4C /* App */ = {
			isa = PBXGroup;
			children = (
				944090E92AD713BC00E09B4C /* socialappApp.swift */,
			);
			path = App;
			sourceTree = "<group>";
		};
		944090FF2AD7146400E09B4C /* Authentication */ = {
			isa = PBXGroup;
			children = (
				944091012AD7148A00E09B4C /* Views */,
			);
			path = Authentication;
			sourceTree = "<group>";
		};
		944091002AD7146E00E09B4C /* Root */ = {
			isa = PBXGroup;
			children = (
				944090EB2AD713BC00E09B4C /* ContentView.swift */,
			);
			path = Root;
			sourceTree = "<group>";
		};
		944091012AD7148A00E09B4C /* Views */ = {
			isa = PBXGroup;
			children = (
				944091022AD714AE00E09B4C /* LoginView.swift */,
				944091042AD7190800E09B4C /* RegistrationView.swift */,
			);
			path = Views;
			sourceTree = "<group>";
		};
		944091062AD71A8C00E09B4C /* ViewModifiers */ = {
			isa = PBXGroup;
			children = (
				944091072AD71AA800E09B4C /* TextFieldModifier.swift */,
			);
			path = ViewModifiers;
			sourceTree = "<group>";
		};
		944091092AD71C5200E09B4C /* TabBar */ = {
			isa = PBXGroup;
			children = (
				9440910A2AD71C9700E09B4C /* TabBarView.swift */,
			);
			path = TabBar;
			sourceTree = "<group>";
		};
		9440910C2AD73DF000E09B4C /* Feed */ = {
			isa = PBXGroup;
			children = (
				9440910D2AD73DFD00E09B4C /* View */,
			);
			path = Feed;
			sourceTree = "<group>";
		};
		9440910D2AD73DFD00E09B4C /* View */ = {
			isa = PBXGroup;
			children = (
				9440910E2AD73E1800E09B4C /* FeedView.swift */,
				944091202AD835EB00E09B4C /* PostComponent.swift */,
			);
			path = View;
			sourceTree = "<group>";
		};
		944091102AD8336500E09B4C /* Explore */ = {
			isa = PBXGroup;
			children = (
				944091112AD8337300E09B4C /* View */,
			);
			path = Explore;
			sourceTree = "<group>";
		};
		944091112AD8337300E09B4C /* View */ = {
			isa = PBXGroup;
			children = (
				944091122AD8338600E09B4C /* ExploreView.swift */,
			);
			path = View;
			sourceTree = "<group>";
		};
		944091142AD8341400E09B4C /* Create */ = {
			isa = PBXGroup;
			children = (
				944091152AD8342100E09B4C /* View */,
			);
			path = Create;
			sourceTree = "<group>";
		};
		944091152AD8342100E09B4C /* View */ = {
			isa = PBXGroup;
			children = (
				944091162AD8343800E09B4C /* CreateView.swift */,
			);
			path = View;
			sourceTree = "<group>";
		};
		944091182AD8347900E09B4C /* Activity */ = {
			isa = PBXGroup;
			children = (
				944091192AD8347F00E09B4C /* View */,
			);
			path = Activity;
			sourceTree = "<group>";
		};
		944091192AD8347F00E09B4C /* View */ = {
			isa = PBXGroup;
			children = (
				9440911A2AD8348C00E09B4C /* ActivityView.swift */,
			);
			path = View;
			sourceTree = "<group>";
		};
		9440911C2AD834CB00E09B4C /* Profile */ = {
			isa = PBXGroup;
			children = (
				9440911D2AD834D500E09B4C /* View */,
			);
			path = Profile;
			sourceTree = "<group>";
		};
		9440911D2AD834D500E09B4C /* View */ = {
			isa = PBXGroup;
			children = (
				9440911E2AD834E200E09B4C /* ProfileView.swift */,
			);
			path = View;
			sourceTree = "<group>";
		};
/* End PBXGroup section */

/* Begin PBXNativeTarget section */
		944090E52AD713BC00E09B4C /* socialapp */ = {
			isa = PBXNativeTarget;
			buildConfigurationList = 944090F42AD713BD00E09B4C /* Build configuration list for PBXNativeTarget "socialapp" */;
			buildPhases = (
				944090E22AD713BC00E09B4C /* Sources */,
				944090E32AD713BC00E09B4C /* Frameworks */,
				944090E42AD713BC00E09B4C /* Resources */,
			);
			buildRules = (
			);
			dependencies = (
			);
			name = socialapp;
			productName = socialapp;
			productReference = 944090E62AD713BC00E09B4C /* socialapp.app */;
			productType = "com.apple.product-type.application";
		};
/* End PBXNativeTarget section */

/* Begin PBXProject section */
		944090DE2AD713BC00E09B4C /* Project object */ = {
			isa = PBXProject;
			attributes = {
				BuildIndependentTargetsInParallel = 1;
				LastSwiftUpdateCheck = 1500;
				LastUpgradeCheck = 1500;
				TargetAttributes = {
					944090E52AD713BC00E09B4C = {
						CreatedOnToolsVersion = 15.0;
					};
				};
			};
			buildConfigurationList = 944090E12AD713BC00E09B4C /* Build configuration list for PBXProject "socialapp" */;
			compatibilityVersion = "Xcode 14.0";
			developmentRegion = en;
			hasScannedForEncodings = 0;
			knownRegions = (
				en,
				Base,
			);
			mainGroup = 944090DD2AD713BC00E09B4C;
			productRefGroup = 944090E72AD713BC00E09B4C /* Products */;
			projectDirPath = "";
			projectRoot = "";
			targets = (
				944090E52AD713BC00E09B4C /* socialapp */,
			);
		};
/* End PBXProject section */

/* Begin PBXResourcesBuildPhase section */
		944090E42AD713BC00E09B4C /* Resources */ = {
			isa = PBXResourcesBuildPhase;
			buildActionMask = 2147483647;
			files = (
				944090F12AD713BD00E09B4C /* Preview Assets.xcassets in Resources */,
				944090EE2AD713BD00E09B4C /* Assets.xcassets in Resources */,
			);
			runOnlyForDeploymentPostprocessing = 0;
		};
/* End PBXResourcesBuildPhase section */

/* Begin PBXSourcesBuildPhase section */
		944090E22AD713BC00E09B4C /* Sources */ = {
			isa = PBXSourcesBuildPhase;
			buildActionMask = 2147483647;
			files = (
				9440910F2AD73E1800E09B4C /* FeedView.swift in Sources */,
				944091172AD8343800E09B4C /* CreateView.swift in Sources */,
				944091032AD714AE00E09B4C /* LoginView.swift in Sources */,
				944091212AD835EB00E09B4C /* PostComponent.swift in Sources */,
				9440911B2AD8348C00E09B4C /* ActivityView.swift in Sources */,
				944091082AD71AA800E09B4C /* TextFieldModifier.swift in Sources */,
				944090EC2AD713BC00E09B4C /* ContentView.swift in Sources */,
				944090EA2AD713BC00E09B4C /* socialappApp.swift in Sources */,
				9440910B2AD71C9700E09B4C /* TabBarView.swift in Sources */,
				944091132AD8338600E09B4C /* ExploreView.swift in Sources */,
				9440911F2AD834E200E09B4C /* ProfileView.swift in Sources */,
				944091052AD7190800E09B4C /* RegistrationView.swift in Sources */,
			);
			runOnlyForDeploymentPostprocessing = 0;
		};
/* End PBXSourcesBuildPhase section */

/* Begin XCBuildConfiguration section */
		944090F22AD713BD00E09B4C /* Debug */ = {
			isa = XCBuildConfiguration;
			buildSettings = {
				ALWAYS_SEARCH_USER_PATHS = NO;
				ASSETCATALOG_COMPILER_GENERATE_SWIFT_ASSET_SYMBOL_EXTENSIONS = YES;
				CLANG_ANALYZER_NONNULL = YES;
				CLANG_ANALYZER_NUMBER_OBJECT_CONVERSION = YES_AGGRESSIVE;
				CLANG_CXX_LANGUAGE_STANDARD = "gnu++20";
				CLANG_ENABLE_MODULES = YES;
				CLANG_ENABLE_OBJC_ARC = YES;
				CLANG_ENABLE_OBJC_WEAK = YES;
				CLANG_WARN_BLOCK_CAPTURE_AUTORELEASING = YES;
				CLANG_WARN_BOOL_CONVERSION = YES;
				CLANG_WARN_COMMA = YES;
				CLANG_WARN_CONSTANT_CONVERSION = YES;
				CLANG_WARN_DEPRECATED_OBJC_IMPLEMENTATIONS = YES;
				CLANG_WARN_DIRECT_OBJC_ISA_USAGE = YES_ERROR;
				CLANG_WARN_DOCUMENTATION_COMMENTS = YES;
				CLANG_WARN_EMPTY_BODY = YES;
				CLANG_WARN_ENUM_CONVERSION = YES;
				CLANG_WARN_INFINITE_RECURSION = YES;
				CLANG_WARN_INT_CONVERSION = YES;
				CLANG_WARN_NON_LITERAL_NULL_CONVERSION = YES;
				CLANG_WARN_OBJC_IMPLICIT_RETAIN_SELF = YES;
				CLANG_WARN_OBJC_LITERAL_CONVERSION = YES;
				CLANG_WARN_OBJC_ROOT_CLASS = YES_ERROR;
				CLANG_WARN_QUOTED_INCLUDE_IN_FRAMEWORK_HEADER = YES;
				CLANG_WARN_RANGE_LOOP_ANALYSIS = YES;
				CLANG_WARN_STRICT_PROTOTYPES = YES;
				CLANG_WARN_SUSPICIOUS_MOVE = YES;
				CLANG_WARN_UNGUARDED_AVAILABILITY = YES_AGGRESSIVE;
				CLANG_WARN_UNREACHABLE_CODE = YES;
				CLANG_WARN__DUPLICATE_METHOD_MATCH = YES;
				COPY_PHASE_STRIP = NO;
				DEBUG_INFORMATION_FORMAT = dwarf;
				ENABLE_STRICT_OBJC_MSGSEND = YES;
				ENABLE_TESTABILITY = YES;
				ENABLE_USER_SCRIPT_SANDBOXING = YES;
				GCC_C_LANGUAGE_STANDARD = gnu17;
				GCC_DYNAMIC_NO_PIC = NO;
				GCC_NO_COMMON_BLOCKS = YES;
				GCC_OPTIMIZATION_LEVEL = 0;
				GCC_PREPROCESSOR_DEFINITIONS = (
					"DEBUG=1",
					"$(inherited)",
				);
				GCC_WARN_64_TO_32_BIT_CONVERSION = YES;
				GCC_WARN_ABOUT_RETURN_TYPE = YES_ERROR;
				GCC_WARN_UNDECLARED_SELECTOR = YES;
				GCC_WARN_UNINITIALIZED_AUTOS = YES_AGGRESSIVE;
				GCC_WARN_UNUSED_FUNCTION = YES;
				GCC_WARN_UNUSED_VARIABLE = YES;
				IPHONEOS_DEPLOYMENT_TARGET = 17.0;
				LOCALIZATION_PREFERS_STRING_CATALOGS = YES;
				MTL_ENABLE_DEBUG_INFO = INCLUDE_SOURCE;
				MTL_FAST_MATH = YES;
				ONLY_ACTIVE_ARCH = YES;
				SDKROOT = iphoneos;
				SWIFT_ACTIVE_COMPILATION_CONDITIONS = "DEBUG $(inherited)";
				SWIFT_OPTIMIZATION_LEVEL = "-Onone";
			};
			name = Debug;
		};
		944090F32AD713BD00E09B4C /* Release */ = {
			isa = XCBuildConfiguration;
			buildSettings = {
				ALWAYS_SEARCH_USER_PATHS = NO;
				ASSETCATALOG_COMPILER_GENERATE_SWIFT_ASSET_SYMBOL_EXTENSIONS = YES;
				CLANG_ANALYZER_NONNULL = YES;
				CLANG_ANALYZER_NUMBER_OBJECT_CONVERSION = YES_AGGRESSIVE;
				CLANG_CXX_LANGUAGE_STANDARD = "gnu++20";
				CLANG_ENABLE_MODULES = YES;
				CLANG_ENABLE_OBJC_ARC = YES;
				CLANG_ENABLE_OBJC_WEAK = YES;
				CLANG_WARN_BLOCK_CAPTURE_AUTORELEASING = YES;
				CLANG_WARN_BOOL_CONVERSION = YES;
				CLANG_WARN_COMMA = YES;
				CLANG_WARN_CONSTANT_CONVERSION = YES;
				CLANG_WARN_DEPRECATED_OBJC_IMPLEMENTATIONS = YES;
				CLANG_WARN_DIRECT_OBJC_ISA_USAGE = YES_ERROR;
				CLANG_WARN_DOCUMENTATION_COMMENTS = YES;
				CLANG_WARN_EMPTY_BODY = YES;
				CLANG_WARN_ENUM_CONVERSION = YES;
				CLANG_WARN_INFINITE_RECURSION = YES;
				CLANG_WARN_INT_CONVERSION = YES;
				CLANG_WARN_NON_LITERAL_NULL_CONVERSION = YES;
				CLANG_WARN_OBJC_IMPLICIT_RETAIN_SELF = YES;
				CLANG_WARN_OBJC_LITERAL_CONVERSION = YES;
				CLANG_WARN_OBJC_ROOT_CLASS = YES_ERROR;
				CLANG_WARN_QUOTED_INCLUDE_IN_FRAMEWORK_HEADER = YES;
				CLANG_WARN_RANGE_LOOP_ANALYSIS = YES;
				CLANG_WARN_STRICT_PROTOTYPES = YES;
				CLANG_WARN_SUSPICIOUS_MOVE = YES;
				CLANG_WARN_UNGUARDED_AVAILABILITY = YES_AGGRESSIVE;
				CLANG_WARN_UNREACHABLE_CODE = YES;
				CLANG_WARN__DUPLICATE_METHOD_MATCH = YES;
				COPY_PHASE_STRIP = NO;
				DEBUG_INFORMATION_FORMAT = "dwarf-with-dsym";
				ENABLE_NS_ASSERTIONS = NO;
				ENABLE_STRICT_OBJC_MSGSEND = YES;
				ENABLE_USER_SCRIPT_SANDBOXING = YES;
				GCC_C_LANGUAGE_STANDARD = gnu17;
				GCC_NO_COMMON_BLOCKS = YES;
				GCC_WARN_64_TO_32_BIT_CONVERSION = YES;
				GCC_WARN_ABOUT_RETURN_TYPE = YES_ERROR;
				GCC_WARN_UNDECLARED_SELECTOR = YES;
				GCC_WARN_UNINITIALIZED_AUTOS = YES_AGGRESSIVE;
				GCC_WARN_UNUSED_FUNCTION = YES;
				GCC_WARN_UNUSED_VARIABLE = YES;
				IPHONEOS_DEPLOYMENT_TARGET = 17.0;
				LOCALIZATION_PREFERS_STRING_CATALOGS = YES;
				MTL_ENABLE_DEBUG_INFO = NO;
				MTL_FAST_MATH = YES;
				SDKROOT = iphoneos;
				SWIFT_COMPILATION_MODE = wholemodule;
				VALIDATE_PRODUCT = YES;
			};
			name = Release;
		};
		944090F52AD713BD00E09B4C /* Debug */ = {
			isa = XCBuildConfiguration;
			buildSettings = {
				ASSETCATALOG_COMPILER_APPICON_NAME = AppIcon;
				ASSETCATALOG_COMPILER_GLOBAL_ACCENT_COLOR_NAME = AccentColor;
				CODE_SIGN_STYLE = Automatic;
				CURRENT_PROJECT_VERSION = 1;
				DEVELOPMENT_ASSET_PATHS = "\"socialapp/Preview Content\"";
				DEVELOPMENT_TEAM = 95Q94V86CT;
				ENABLE_PREVIEWS = YES;
				GENERATE_INFOPLIST_FILE = YES;
				INFOPLIST_KEY_UIApplicationSceneManifest_Generation = YES;
				INFOPLIST_KEY_UIApplicationSupportsIndirectInputEvents = YES;
				INFOPLIST_KEY_UILaunchScreen_Generation = YES;
				INFOPLIST_KEY_UISupportedInterfaceOrientations_iPad = "UIInterfaceOrientationPortrait UIInterfaceOrientationPortraitUpsideDown UIInterfaceOrientationLandscapeLeft UIInterfaceOrientationLandscapeRight";
				INFOPLIST_KEY_UISupportedInterfaceOrientations_iPhone = "UIInterfaceOrientationPortrait UIInterfaceOrientationLandscapeLeft UIInterfaceOrientationLandscapeRight";
				LD_RUNPATH_SEARCH_PATHS = (
					"$(inherited)",
					"@executable_path/Frameworks",
				);
				MARKETING_VERSION = 1.0;
				PRODUCT_BUNDLE_IDENTIFIER = flemingvincent.socialapp;
				PRODUCT_NAME = "$(TARGET_NAME)";
				SWIFT_EMIT_LOC_STRINGS = YES;
				SWIFT_VERSION = 5.0;
				TARGETED_DEVICE_FAMILY = "1,2";
			};
			name = Debug;
		};
		944090F62AD713BD00E09B4C /* Release */ = {
			isa = XCBuildConfiguration;
			buildSettings = {
				ASSETCATALOG_COMPILER_APPICON_NAME = AppIcon;
				ASSETCATALOG_COMPILER_GLOBAL_ACCENT_COLOR_NAME = AccentColor;
				CODE_SIGN_STYLE = Automatic;
				CURRENT_PROJECT_VERSION = 1;
				DEVELOPMENT_ASSET_PATHS = "\"socialapp/Preview Content\"";
				DEVELOPMENT_TEAM = 95Q94V86CT;
				ENABLE_PREVIEWS = YES;
				GENERATE_INFOPLIST_FILE = YES;
				INFOPLIST_KEY_UIApplicationSceneManifest_Generation = YES;
				INFOPLIST_KEY_UIApplicationSupportsIndirectInputEvents = YES;
				INFOPLIST_KEY_UILaunchScreen_Generation = YES;
				INFOPLIST_KEY_UISupportedInterfaceOrientations_iPad = "UIInterfaceOrientationPortrait UIInterfaceOrientationPortraitUpsideDown UIInterfaceOrientationLandscapeLeft UIInterfaceOrientationLandscapeRight";
				INFOPLIST_KEY_UISupportedInterfaceOrientations_iPhone = "UIInterfaceOrientationPortrait UIInterfaceOrientationLandscapeLeft UIInterfaceOrientationLandscapeRight";
				LD_RUNPATH_SEARCH_PATHS = (
					"$(inherited)",
					"@executable_path/Frameworks",
				);
				MARKETING_VERSION = 1.0;
				PRODUCT_BUNDLE_IDENTIFIER = flemingvincent.socialapp;
				PRODUCT_NAME = "$(TARGET_NAME)";
				SWIFT_EMIT_LOC_STRINGS = YES;
				SWIFT_VERSION = 5.0;
				TARGETED_DEVICE_FAMILY = "1,2";
			};
			name = Release;
		};
/* End XCBuildConfiguration section */

/* Begin XCConfigurationList section */
		944090E12AD713BC00E09B4C /* Build configuration list for PBXProject "socialapp" */ = {
			isa = XCConfigurationList;
			buildConfigurations = (
				944090F22AD713BD00E09B4C /* Debug */,
				944090F32AD713BD00E09B4C /* Release */,
			);
			defaultConfigurationIsVisible = 0;
			defaultConfigurationName = Release;
		};
		944090F42AD713BD00E09B4C /* Build configuration list for PBXNativeTarget "socialapp" */ = {
			isa = XCConfigurationList;
			buildConfigurations = (
				944090F52AD713BD00E09B4C /* Debug */,
				944090F62AD713BD00E09B4C /* Release */,
			);
			defaultConfigurationIsVisible = 0;
			defaultConfigurationName = Release;
		};
/* End XCConfigurationList section */
	};
	rootObject = 944090DE2AD713BC00E09B4C /* Project object */;
}
